
Microsoft Visual Studio Solution File, Format Version 12.00
# Visual Studio 15
Project("{FAE04EC0-301F-11D3-BF4B-00C04F79EFBC}") = "Assembly-CSharp", "Assembly-CSharp.csproj", "{535C33A7-7CB2-71F7-2CEA-FC540EA3DA14}"
EndProject
Project("{FAE04EC0-301F-11D3-BF4B-00C04F79EFBC}") = "Assembly-CSharp-Editor", "Assembly-CSharp-Editor.csproj", "{76F75AD4-1111-B999-4F4B-07E58143A3A8}"
EndProject
Global
	GlobalSection(SolutionConfigurationPlatforms) = preSolution
		Debug|Any CPU = Debug|Any CPU
		Release|Any CPU = Release|Any CPU
	EndGlobalSection
	GlobalSection(ProjectConfigurationPlatforms) = postSolution
		{535C33A7-7CB2-71F7-2CEA-FC540EA3DA14}.Debug|Any CPU.ActiveCfg = Debug|Any CPU
		{535C33A7-7CB2-71F7-2CEA-FC540EA3DA14}.Debug|Any CPU.Build.0 = Debug|Any CPU
		{535C33A7-7CB2-71F7-2CEA-FC540EA3DA14}.Release|Any CPU.ActiveCfg = Release|Any CPU
		{535C33A7-7CB2-71F7-2CEA-FC540EA3DA14}.Release|Any CPU.Build.0 = Release|Any CPU
		{76F75AD4-1111-B999-4F4B-07E58143A3A8}.Debug|Any CPU.ActiveCfg = Debug|Any CPU
		{76F75AD4-1111-B999-4F4B-07E58143A3A8}.Debug|Any CPU.Build.0 = Debug|Any CPU
		{76F75AD4-1111-B999-4F4B-07E58143A3A8}.Release|Any CPU.ActiveCfg = Release|Any CPU
		{76F75AD4-1111-B999-4F4B-07E58143A3A8}.Release|Any CPU.Build.0 = Release|Any CPU
	EndGlobalSection
	GlobalSection(SolutionProperties) = preSolution
		HideSolutionNode = FALSE
	EndGlobalSection
EndGlobal
